
Microsoft Visual Studio Solution File, Format Version 12.00
# Visual Studio Version 17
VisualStudioVersion = 17.10.35013.160
MinimumVisualStudioVersion = 10.0.40219.1
Project("{FAE04EC0-301F-11D3-BF4B-00C04F79EFBC}") = "SpeerdrunFinalProg2", "SpeerdrunFinalProg2.csproj", "{682A129A-1765-44F9-AA4F-8BD5FAB10FA7}"
EndProject
Global
	GlobalSection(SolutionConfigurationPlatforms) = preSolution
		Debug|Any CPU = Debug|Any CPU
		Release|Any CPU = Release|Any CPU
	EndGlobalSection
	GlobalSection(ProjectConfigurationPlatforms) = postSolution
		{682A129A-1765-44F9-AA4F-8BD5FAB10FA7}.Debug|Any CPU.ActiveCfg = Debug|Any CPU
		{682A129A-1765-44F9-AA4F-8BD5FAB10FA7}.Debug|Any CPU.Build.0 = Debug|Any CPU
		{682A129A-1765-44F9-AA4F-8BD5FAB10FA7}.Release|Any CPU.ActiveCfg = Release|Any CPU
		{682A129A-1765-44F9-AA4F-8BD5FAB10FA7}.Release|Any CPU.Build.0 = Release|Any CPU
	EndGlobalSection
	GlobalSection(SolutionProperties) = preSolution
		HideSolutionNode = FALSE
	EndGlobalSection
	GlobalSection(ExtensibilityGlobals) = postSolution
		SolutionGuid = {3C137D29-95A4-4CF3-A9F0-AC66F139C64E}
	EndGlobalSection
EndGlobal
